// !$*UTF8*$!
{
	archiveVersion = 1;
	classes = {
	};
	objectVersion = 46;
	objects = {

/* Begin PBXBuildFile section */
		F844C9271F47CC860088343C /* AppDelegate.swift in Sources */ = {isa = PBXBuildFile; fileRef = F844C9261F47CC860088343C /* AppDelegate.swift */; };
		F844C92C1F47CC860088343C /* Main.storyboard in Resources */ = {isa = PBXBuildFile; fileRef = F844C92A1F47CC860088343C /* Main.storyboard */; };
		F844C92E1F47CC860088343C /* Assets.xcassets in Resources */ = {isa = PBXBuildFile; fileRef = F844C92D1F47CC860088343C /* Assets.xcassets */; };
		F844C9311F47CC860088343C /* LaunchScreen.storyboard in Resources */ = {isa = PBXBuildFile; fileRef = F844C92F1F47CC860088343C /* LaunchScreen.storyboard */; };
		F844C9391F47D2B50088343C /* ProductViewController.swift in Sources */ = {isa = PBXBuildFile; fileRef = F844C9381F47D2B50088343C /* ProductViewController.swift */; };
		F844C93D1F47DFA30088343C /* ContactViewController.swift in Sources */ = {isa = PBXBuildFile; fileRef = F844C93C1F47DFA30088343C /* ContactViewController.swift */; };
		F844C93F1F47F2D40088343C /* ProductsTableViewController.swift in Sources */ = {isa = PBXBuildFile; fileRef = F844C93E1F47F2D40088343C /* ProductsTableViewController.swift */; };
		F844C9411F487EC90088343C /* Product.swift in Sources */ = {isa = PBXBuildFile; fileRef = F844C9401F487EC90088343C /* Product.swift */; };
/* End PBXBuildFile section */

/* Begin PBXFileReference section */
		F844C9231F47CC860088343C /* GoodAsOldPhones.app */ = {isa = PBXFileReference; explicitFileType = wrapper.application; includeInIndex = 0; path = GoodAsOldPhones.app; sourceTree = BUILT_PRODUCTS_DIR; };
		F844C9261F47CC860088343C /* AppDelegate.swift */ = {isa = PBXFileReference; lastKnownFileType = sourcecode.swift; path = AppDelegate.swift; sourceTree = "<group>"; };
		F844C92B1F47CC860088343C /* Base */ = {isa = PBXFileReference; lastKnownFileType = file.storyboard; name = Base; path = Base.lproj/Main.storyboard; sourceTree = "<group>"; };
		F844C92D1F47CC860088343C /* Assets.xcassets */ = {isa = PBXFileReference; lastKnownFileType = folder.assetcatalog; path = Assets.xcassets; sourceTree = "<group>"; };
		F844C9301F47CC860088343C /* Base */ = {isa = PBXFileReference; lastKnownFileType = file.storyboard; name = Base; path = Base.lproj/LaunchScreen.storyboard; sourceTree = "<group>"; };
		F844C9321F47CC860088343C /* Info.plist */ = {isa = PBXFileReference; lastKnownFileType = text.plist.xml; path = Info.plist; sourceTree = "<group>"; };
		F844C9381F47D2B50088343C /* ProductViewController.swift */ = {isa = PBXFileReference; fileEncoding = 4; lastKnownFileType = sourcecode.swift; path = ProductViewController.swift; sourceTree = "<group>"; };
		F844C93C1F47DFA30088343C /* ContactViewController.swift */ = {isa = PBXFileReference; fileEncoding = 4; lastKnownFileType = sourcecode.swift; path = ContactViewController.swift; sourceTree = "<group>"; };
		F844C93E1F47F2D40088343C /* ProductsTableViewController.swift */ = {isa = PBXFileReference; fileEncoding = 4; lastKnownFileType = sourcecode.swift; path = ProductsTableViewController.swift; sourceTree = "<group>"; };
		F844C9401F487EC90088343C /* Product.swift */ = {isa = PBXFileReference; fileEncoding = 4; lastKnownFileType = sourcecode.swift; path = Product.swift; sourceTree = "<group>"; };
/* End PBXFileReference section */

/* Begin PBXFrameworksBuildPhase section */
		F844C9201F47CC860088343C /* Frameworks */ = {
			isa = PBXFrameworksBuildPhase;
			buildActionMask = 2147483647;
			files = (
			);
			runOnlyForDeploymentPostprocessing = 0;
		};
/* End PBXFrameworksBuildPhase section */

/* Begin PBXGroup section */
		F844C91A1F47CC860088343C = {
			isa = PBXGroup;
			children = (
				F844C9251F47CC860088343C /* GoodAsOldPhones */,
				F844C9241F47CC860088343C /* Products */,
			);
			sourceTree = "<group>";
		};
		F844C9241F47CC860088343C /* Products */ = {
			isa = PBXGroup;
			children = (
				F844C9231F47CC860088343C /* GoodAsOldPhones.app */,
			);
			name = Products;
			sourceTree = "<group>";
		};
		F844C9251F47CC860088343C /* GoodAsOldPhones */ = {
			isa = PBXGroup;
			children = (
				F844C9261F47CC860088343C /* AppDelegate.swift */,
				F844C92A1F47CC860088343C /* Main.storyboard */,
				F844C92D1F47CC860088343C /* Assets.xcassets */,
				F844C92F1F47CC860088343C /* LaunchScreen.storyboard */,
				F844C9321F47CC860088343C /* Info.plist */,
				F844C9381F47D2B50088343C /* ProductViewController.swift */,
				F844C93C1F47DFA30088343C /* ContactViewController.swift */,
				F844C93E1F47F2D40088343C /* ProductsTableViewController.swift */,
				F844C9401F487EC90088343C /* Product.swift */,
			);
			path = GoodAsOldPhones;
			sourceTree = "<group>";
		};
/* End PBXGroup section */

/* Begin PBXNativeTarget section */
		F844C9221F47CC860088343C /* GoodAsOldPhones */ = {
			isa = PBXNativeTarget;
			buildConfigurationList = F844C9351F47CC860088343C /* Build configuration list for PBXNativeTarget "GoodAsOldPhones" */;
			buildPhases = (
				F844C91F1F47CC860088343C /* Sources */,
				F844C9201F47CC860088343C /* Frameworks */,
				F844C9211F47CC860088343C /* Resources */,
			);
			buildRules = (
			);
			dependencies = (
			);
			name = GoodAsOldPhones;
			productName = GoodAsOldPhones;
			productReference = F844C9231F47CC860088343C /* GoodAsOldPhones.app */;
			productType = "com.apple.product-type.application";
		};
/* End PBXNativeTarget section */

/* Begin PBXProject section */
		F844C91B1F47CC860088343C /* Project object */ = {
			isa = PBXProject;
			attributes = {
				LastSwiftUpdateCheck = 0830;
				LastUpgradeCheck = 0830;
				ORGANIZATIONNAME = "Camilo Mora";
				TargetAttributes = {
					F844C9221F47CC860088343C = {
						CreatedOnToolsVersion = 8.3.3;
						ProvisioningStyle = Automatic;
					};
				};
			};
			buildConfigurationList = F844C91E1F47CC860088343C /* Build configuration list for PBXProject "GoodAsOldPhones" */;
			compatibilityVersion = "Xcode 3.2";
			developmentRegion = English;
			hasScannedForEncodings = 0;
			knownRegions = (
				en,
				Base,
			);
			mainGroup = F844C91A1F47CC860088343C;
			productRefGroup = F844C9241F47CC860088343C /* Products */;
			projectDirPath = "";
			projectRoot = "";
			targets = (
				F844C9221F47CC860088343C /* GoodAsOldPhones */,
			);
		};
/* End PBXProject section */

/* Begin PBXResourcesBuildPhase section */
		F844C9211F47CC860088343C /* Resources */ = {
			isa = PBXResourcesBuildPhase;
			buildActionMask = 2147483647;
			files = (
				F844C9311F47CC860088343C /* LaunchScreen.storyboard in Resources */,
				F844C92E1F47CC860088343C /* Assets.xcassets in Resources */,
				F844C92C1F47CC860088343C /* Main.storyboard in Resources */,
			);
			runOnlyForDeploymentPostprocessing = 0;
		};
/* End PBXResourcesBuildPhase section */

/* Begin PBXSourcesBuildPhase section */
		F844C91F1F47CC860088343C /* Sources */ = {
			isa = PBXSourcesBuildPhase;
			buildActionMask = 2147483647;
			files = (
				F844C9391F47D2B50088343C /* ProductViewController.swift in Sources */,
				F844C93F1F47F2D40088343C /* ProductsTableViewController.swift in Sources */,
				F844C9411F487EC90088343C /* Product.swift in Sources */,
				F844C9271F47CC860088343C /* AppDelegate.swift in Sources */,
				F844C93D1F47DFA30088343C /* ContactViewController.swift in Sources */,
			);
			runOnlyForDeploymentPostprocessing = 0;
		};
/* End PBXSourcesBuildPhase section */

/* Begin PBXVariantGroup section */
		F844C92A1F47CC860088343C /* Main.storyboard */ = {
			isa = PBXVariantGroup;
			children = (
				F844C92B1F47CC860088343C /* Base */,
			);
			name = Main.storyboard;
			sourceTree = "<group>";
		};
		F844C92F1F47CC860088343C /* LaunchScreen.storyboard */ = {
			isa = PBXVariantGroup;
			children = (
				F844C9301F47CC860088343C /* Base */,
			);
			name = LaunchScreen.storyboard;
			sourceTree = "<group>";
		};
/* End PBXVariantGroup section */

/* Begin XCBuildConfiguration section */
		F844C9331F47CC860088343C /* Debug */ = {
			isa = XCBuildConfiguration;
			buildSettings = {
				ALWAYS_SEARCH_USER_PATHS = NO;
				CLANG_ANALYZER_NONNULL = YES;
				CLANG_ANALYZER_NUMBER_OBJECT_CONVERSION = YES_AGGRESSIVE;
				CLANG_CXX_LANGUAGE_STANDARD = "gnu++0x";
				CLANG_CXX_LIBRARY = "libc++";
				CLANG_ENABLE_MODULES = YES;
				CLANG_ENABLE_OBJC_ARC = YES;
				CLANG_WARN_BOOL_CONVERSION = YES;
				CLANG_WARN_CONSTANT_CONVERSION = YES;
				CLANG_WARN_DIRECT_OBJC_ISA_USAGE = YES_ERROR;
				CLANG_WARN_DOCUMENTATION_COMMENTS = YES;
				CLANG_WARN_EMPTY_BODY = YES;
				CLANG_WARN_ENUM_CONVERSION = YES;
				CLANG_WARN_INFINITE_RECURSION = YES;
				CLANG_WARN_INT_CONVERSION = YES;
				CLANG_WARN_OBJC_ROOT_CLASS = YES_ERROR;
				CLANG_WARN_SUSPICIOUS_MOVE = YES;
				CLANG_WARN_UNREACHABLE_CODE = YES;
				CLANG_WARN__DUPLICATE_METHOD_MATCH = YES;
				"CODE_SIGN_IDENTITY[sdk=iphoneos*]" = "iPhone Developer";
				COPY_PHASE_STRIP = NO;
				DEBUG_INFORMATION_FORMAT = dwarf;
				ENABLE_STRICT_OBJC_MSGSEND = YES;
				ENABLE_TESTABILITY = YES;
				GCC_C_LANGUAGE_STANDARD = gnu99;
				GCC_DYNAMIC_NO_PIC = NO;
				GCC_NO_COMMON_BLOCKS = YES;
				GCC_OPTIMIZATION_LEVEL = 0;
				GCC_PREPROCESSOR_DEFINITIONS = (
					"DEBUG=1",
					"$(inherited)",
				);
				GCC_WARN_64_TO_32_BIT_CONVERSION = YES;
				GCC_WARN_ABOUT_RETURN_TYPE = YES_ERROR;
				GCC_WARN_UNDECLARED_SELECTOR = YES;
				GCC_WARN_UNINITIALIZED_AUTOS = YES_AGGRESSIVE;
				GCC_WARN_UNUSED_FUNCTION = YES;
				GCC_WARN_UNUSED_VARIABLE = YES;
				IPHONEOS_DEPLOYMENT_TARGET = 10.3;
				MTL_ENABLE_DEBUG_INFO = YES;
				ONLY_ACTIVE_ARCH = YES;
				SDKROOT = iphoneos;
				SWIFT_ACTIVE_COMPILATION_CONDITIONS = DEBUG;
				SWIFT_OPTIMIZATION_LEVEL = "-Onone";
			};
			name = Debug;
		};
		F844C9341F47CC860088343C /* Release */ = {
			isa = XCBuildConfiguration;
			buildSettings = {
				ALWAYS_SEARCH_USER_PATHS = NO;
				CLANG_ANALYZER_NONNULL = YES;
				CLANG_ANALYZER_NUMBER_OBJECT_CONVERSION = YES_AGGRESSIVE;
				CLANG_CXX_LANGUAGE_STANDARD = "gnu++0x";
				CLANG_CXX_LIBRARY = "libc++";
				CLANG_ENABLE_MODULES = YES;
				CLANG_ENABLE_OBJC_ARC = YES;
				CLANG_WARN_BOOL_CONVERSION = YES;
				CLANG_WARN_CONSTANT_CONVERSION = YES;
				CLANG_WARN_DIRECT_OBJC_ISA_USAGE = YES_ERROR;
				CLANG_WARN_DOCUMENTATION_COMMENTS = YES;
				CLANG_WARN_EMPTY_BODY = YES;
				CLANG_WARN_ENUM_CONVERSION = YES;
				CLANG_WARN_INFINITE_RECURSION = YES;
				CLANG_WARN_INT_CONVERSION = YES;
				CLANG_WARN_OBJC_ROOT_CLASS = YES_ERROR;
				CLANG_WARN_SUSPICIOUS_MOVE = YES;
				CLANG_WARN_UNREACHABLE_CODE = YES;
				CLANG_WARN__DUPLICATE_METHOD_MATCH = YES;
				"CODE_SIGN_IDENTITY[sdk=iphoneos*]" = "iPhone Developer";
				COPY_PHASE_STRIP = NO;
				DEBUG_INFORMATION_FORMAT = "dwarf-with-dsym";
				ENABLE_NS_ASSERTIONS = NO;
				ENABLE_STRICT_OBJC_MSGSEND = YES;
				GCC_C_LANGUAGE_STANDARD = gnu99;
				GCC_NO_COMMON_BLOCKS = YES;
				GCC_WARN_64_TO_32_BIT_CONVERSION = YES;
				GCC_WARN_ABOUT_RETURN_TYPE = YES_ERROR;
				GCC_WARN_UNDECLARED_SELECTOR = YES;
				GCC_WARN_UNINITIALIZED_AUTOS = YES_AGGRESSIVE;
				GCC_WARN_UNUSED_FUNCTION = YES;
				GCC_WARN_UNUSED_VARIABLE = YES;
				IPHONEOS_DEPLOYMENT_TARGET = 10.3;
				MTL_ENABLE_DEBUG_INFO = NO;
				SDKROOT = iphoneos;
				SWIFT_OPTIMIZATION_LEVEL = "-Owholemodule";
				VALIDATE_PRODUCT = YES;
			};
			name = Release;
		};
		F844C9361F47CC860088343C /* Debug */ = {
			isa = XCBuildConfiguration;
			buildSettings = {
				ASSETCATALOG_COMPILER_APPICON_NAME = AppIcon;
				INFOPLIST_FILE = GoodAsOldPhones/Info.plist;
				LD_RUNPATH_SEARCH_PATHS = "$(inherited) @executable_path/Frameworks";
				PRODUCT_BUNDLE_IDENTIFIER = com.camilomora.GoodAsOldPhones;
				PRODUCT_NAME = "$(TARGET_NAME)";
				SWIFT_VERSION = 3.0;
			};
			name = Debug;
		};
		F844C9371F47CC860088343C /* Release */ = {
			isa = XCBuildConfiguration;
			buildSettings = {
				ASSETCATALOG_COMPILER_APPICON_NAME = AppIcon;
				INFOPLIST_FILE = GoodAsOldPhones/Info.plist;
				LD_RUNPATH_SEARCH_PATHS = "$(inherited) @executable_path/Frameworks";
				PRODUCT_BUNDLE_IDENTIFIER = com.camilomora.GoodAsOldPhones;
				PRODUCT_NAME = "$(TARGET_NAME)";
				SWIFT_VERSION = 3.0;
			};
			name = Release;
		};
/* End XCBuildConfiguration section */

/* Begin XCConfigurationList section */
		F844C91E1F47CC860088343C /* Build configuration list for PBXProject "GoodAsOldPhones" */ = {
			isa = XCConfigurationList;
			buildConfigurations = (
				F844C9331F47CC860088343C /* Debug */,
				F844C9341F47CC860088343C /* Release */,
			);
			defaultConfigurationIsVisible = 0;
			defaultConfigurationName = Release;
		};
		F844C9351F47CC860088343C /* Build configuration list for PBXNativeTarget "GoodAsOldPhones" */ = {
			isa = XCConfigurationList;
			buildConfigurations = (
				F844C9361F47CC860088343C /* Debug */,
				F844C9371F47CC860088343C /* Release */,
			);
			defaultConfigurationIsVisible = 0;
		};
/* End XCConfigurationList section */
	};
	rootObject = F844C91B1F47CC860088343C /* Project object */;
}
